
Microsoft Visual Studio Solution File, Format Version 12.00
# Visual Studio Version 16
VisualStudioVersion = 16.0.33027.164
MinimumVisualStudioVersion = 10.0.40219.1
Project("{FAE04EC0-301F-11D3-BF4B-00C04F79EFBC}") = "last_test_tech", "last_test_tech.csproj", "{CF534C17-09DF-4AD4-A9B4-2AC1DD3C53F5}"
EndProject
Global
	GlobalSection(SolutionConfigurationPlatforms) = preSolution
		Debug|Any CPU = Debug|Any CPU
		Release|Any CPU = Release|Any CPU
	EndGlobalSection
	GlobalSection(ProjectConfigurationPlatforms) = postSolution
		{CF534C17-09DF-4AD4-A9B4-2AC1DD3C53F5}.Debug|Any CPU.ActiveCfg = Debug|Any CPU
		{CF534C17-09DF-4AD4-A9B4-2AC1DD3C53F5}.Debug|Any CPU.Build.0 = Debug|Any CPU
		{CF534C17-09DF-4AD4-A9B4-2AC1DD3C53F5}.Release|Any CPU.ActiveCfg = Release|Any CPU
		{CF534C17-09DF-4AD4-A9B4-2AC1DD3C53F5}.Release|Any CPU.Build.0 = Release|Any CPU
	EndGlobalSection
	GlobalSection(SolutionProperties) = preSolution
		HideSolutionNode = FALSE
	EndGlobalSection
	GlobalSection(ExtensibilityGlobals) = postSolution
		SolutionGuid = {AD860184-E66D-4A90-8206-944715E0CD38}
	EndGlobalSection
EndGlobal
